// !$*UTF8*$!
{
	archiveVersion = 1;
	classes = {
	};
	objectVersion = 77;
	objects = {

/* Begin PBXBuildFile section */
		ADBDCEA42DD3212B00B1F73A /* Then in Frameworks */ = {isa = PBXBuildFile; productRef = ADBDCEA32DD3212B00B1F73A /* Then */; };
		ADBDCEA72DD3213600B1F73A /* SnapKit in Frameworks */ = {isa = PBXBuildFile; productRef = ADBDCEA62DD3213600B1F73A /* SnapKit */; };
		ADBDCEAA2DD3215D00B1F73A /* Moya in Frameworks */ = {isa = PBXBuildFile; productRef = ADBDCEA92DD3215D00B1F73A /* Moya */; };
		ADBDCEAD2DD321EC00B1F73A /* RxBlocking in Frameworks */ = {isa = PBXBuildFile; productRef = ADBDCEAC2DD321EC00B1F73A /* RxBlocking */; };
		ADBDCEAF2DD321EC00B1F73A /* RxBlocking-Dynamic in Frameworks */ = {isa = PBXBuildFile; productRef = ADBDCEAE2DD321EC00B1F73A /* RxBlocking-Dynamic */; };
		ADBDCEB12DD321EC00B1F73A /* RxCocoa in Frameworks */ = {isa = PBXBuildFile; productRef = ADBDCEB02DD321EC00B1F73A /* RxCocoa */; };
		ADBDCEB32DD321EC00B1F73A /* RxCocoa-Dynamic in Frameworks */ = {isa = PBXBuildFile; productRef = ADBDCEB22DD321EC00B1F73A /* RxCocoa-Dynamic */; };
		ADBDCEB52DD321EC00B1F73A /* RxRelay in Frameworks */ = {isa = PBXBuildFile; productRef = ADBDCEB42DD321EC00B1F73A /* RxRelay */; };
/* End PBXBuildFile section */

/* Begin PBXFileReference section */
		ADBDCE8A2DD31EB800B1F73A /* iTunesApp.app */ = {isa = PBXFileReference; explicitFileType = wrapper.application; includeInIndex = 0; path = iTunesApp.app; sourceTree = BUILT_PRODUCTS_DIR; };
/* End PBXFileReference section */

/* Begin PBXFileSystemSynchronizedBuildFileExceptionSet section */
		ADBDCE9C2DD31EB900B1F73A /* Exceptions for "iTunesApp" folder in "iTunesApp" target */ = {
			isa = PBXFileSystemSynchronizedBuildFileExceptionSet;
			membershipExceptions = (
				Resources/Info.plist,
			);
			target = ADBDCE892DD31EB800B1F73A /* iTunesApp */;
		};
/* End PBXFileSystemSynchronizedBuildFileExceptionSet section */

/* Begin PBXFileSystemSynchronizedRootGroup section */
		ADBDCE8C2DD31EB800B1F73A /* iTunesApp */ = {
			isa = PBXFileSystemSynchronizedRootGroup;
			exceptions = (
				ADBDCE9C2DD31EB900B1F73A /* Exceptions for "iTunesApp" folder in "iTunesApp" target */,
			);
			path = iTunesApp;
			sourceTree = "<group>";
		};
/* End PBXFileSystemSynchronizedRootGroup section */

/* Begin PBXFrameworksBuildPhase section */
		ADBDCE872DD31EB800B1F73A /* Frameworks */ = {
			isa = PBXFrameworksBuildPhase;
			buildActionMask = 2147483647;
			files = (
				ADBDCEB12DD321EC00B1F73A /* RxCocoa in Frameworks */,
				ADBDCEB32DD321EC00B1F73A /* RxCocoa-Dynamic in Frameworks */,
				ADBDCEA42DD3212B00B1F73A /* Then in Frameworks */,
				ADBDCEAD2DD321EC00B1F73A /* RxBlocking in Frameworks */,
				ADBDCEA72DD3213600B1F73A /* SnapKit in Frameworks */,
				ADBDCEAA2DD3215D00B1F73A /* Moya in Frameworks */,
				ADBDCEB52DD321EC00B1F73A /* RxRelay in Frameworks */,
				ADBDCEAF2DD321EC00B1F73A /* RxBlocking-Dynamic in Frameworks */,
			);
			runOnlyForDeploymentPostprocessing = 0;
		};
/* End PBXFrameworksBuildPhase section */

/* Begin PBXGroup section */
		ADBDCE812DD31EB800B1F73A = {
			isa = PBXGroup;
			children = (
				ADBDCE8C2DD31EB800B1F73A /* iTunesApp */,
				ADBDCE8B2DD31EB800B1F73A /* Products */,
			);
			sourceTree = "<group>";
		};
		ADBDCE8B2DD31EB800B1F73A /* Products */ = {
			isa = PBXGroup;
			children = (
				ADBDCE8A2DD31EB800B1F73A /* iTunesApp.app */,
			);
			name = Products;
			sourceTree = "<group>";
		};
/* End PBXGroup section */

/* Begin PBXNativeTarget section */
		ADBDCE892DD31EB800B1F73A /* iTunesApp */ = {
			isa = PBXNativeTarget;
			buildConfigurationList = ADBDCE9D2DD31EB900B1F73A /* Build configuration list for PBXNativeTarget "iTunesApp" */;
			buildPhases = (
				ADBDCE862DD31EB800B1F73A /* Sources */,
				ADBDCE872DD31EB800B1F73A /* Frameworks */,
				ADBDCE882DD31EB800B1F73A /* Resources */,
			);
			buildRules = (
			);
			dependencies = (
			);
			fileSystemSynchronizedGroups = (
				ADBDCE8C2DD31EB800B1F73A /* iTunesApp */,
			);
			name = iTunesApp;
			packageProductDependencies = (
				ADBDCEA32DD3212B00B1F73A /* Then */,
				ADBDCEA62DD3213600B1F73A /* SnapKit */,
				ADBDCEA92DD3215D00B1F73A /* Moya */,
				ADBDCEAC2DD321EC00B1F73A /* RxBlocking */,
				ADBDCEAE2DD321EC00B1F73A /* RxBlocking-Dynamic */,
				ADBDCEB02DD321EC00B1F73A /* RxCocoa */,
				ADBDCEB22DD321EC00B1F73A /* RxCocoa-Dynamic */,
				ADBDCEB42DD321EC00B1F73A /* RxRelay */,
			);
			productName = iTunesApp;
			productReference = ADBDCE8A2DD31EB800B1F73A /* iTunesApp.app */;
			productType = "com.apple.product-type.application";
		};
/* End PBXNativeTarget section */

/* Begin PBXProject section */
		ADBDCE822DD31EB800B1F73A /* Project object */ = {
			isa = PBXProject;
			attributes = {
				BuildIndependentTargetsInParallel = 1;
				LastSwiftUpdateCheck = 1600;
				LastUpgradeCheck = 1600;
				TargetAttributes = {
					ADBDCE892DD31EB800B1F73A = {
						CreatedOnToolsVersion = 16.0;
					};
				};
			};
			buildConfigurationList = ADBDCE852DD31EB800B1F73A /* Build configuration list for PBXProject "iTunesApp" */;
			developmentRegion = en;
			hasScannedForEncodings = 0;
			knownRegions = (
				en,
				Base,
			);
			mainGroup = ADBDCE812DD31EB800B1F73A;
			minimizedProjectReferenceProxies = 1;
			packageReferences = (
				ADBDCEA22DD3212B00B1F73A /* XCRemoteSwiftPackageReference "Then" */,
				ADBDCEA52DD3213600B1F73A /* XCRemoteSwiftPackageReference "SnapKit" */,
				ADBDCEA82DD3215D00B1F73A /* XCRemoteSwiftPackageReference "Moya" */,
				ADBDCEAB2DD321EC00B1F73A /* XCRemoteSwiftPackageReference "RxSwift" */,
			);
			preferredProjectObjectVersion = 77;
			productRefGroup = ADBDCE8B2DD31EB800B1F73A /* Products */;
			projectDirPath = "";
			projectRoot = "";
			targets = (
				ADBDCE892DD31EB800B1F73A /* iTunesApp */,
			);
		};
/* End PBXProject section */

/* Begin PBXResourcesBuildPhase section */
		ADBDCE882DD31EB800B1F73A /* Resources */ = {
			isa = PBXResourcesBuildPhase;
			buildActionMask = 2147483647;
			files = (
			);
			runOnlyForDeploymentPostprocessing = 0;
		};
/* End PBXResourcesBuildPhase section */

/* Begin PBXSourcesBuildPhase section */
		ADBDCE862DD31EB800B1F73A /* Sources */ = {
			isa = PBXSourcesBuildPhase;
			buildActionMask = 2147483647;
			files = (
			);
			runOnlyForDeploymentPostprocessing = 0;
		};
/* End PBXSourcesBuildPhase section */

/* Begin XCBuildConfiguration section */
		ADBDCE9E2DD31EB900B1F73A /* Debug */ = {
			isa = XCBuildConfiguration;
			buildSettings = {
				ASSETCATALOG_COMPILER_APPICON_NAME = AppIcon;
				ASSETCATALOG_COMPILER_GLOBAL_ACCENT_COLOR_NAME = AccentColor;
				CODE_SIGN_STYLE = Automatic;
				CURRENT_PROJECT_VERSION = 1;
				DEVELOPMENT_TEAM = 63K349422G;
				GENERATE_INFOPLIST_FILE = YES;
				INFOPLIST_FILE = iTunesApp/Info.plist;
				INFOPLIST_KEY_UIApplicationSupportsIndirectInputEvents = YES;
				INFOPLIST_KEY_UILaunchStoryboardName = LaunchScreen;
				INFOPLIST_KEY_UISupportedInterfaceOrientations_iPad = "UIInterfaceOrientationPortrait UIInterfaceOrientationPortraitUpsideDown UIInterfaceOrientationLandscapeLeft UIInterfaceOrientationLandscapeRight";
				INFOPLIST_KEY_UISupportedInterfaceOrientations_iPhone = "UIInterfaceOrientationPortrait UIInterfaceOrientationLandscapeLeft UIInterfaceOrientationLandscapeRight";
				IPHONEOS_DEPLOYMENT_TARGET = 16.6;
				LD_RUNPATH_SEARCH_PATHS = (
					"$(inherited)",
					"@executable_path/Frameworks",
				);
				MARKETING_VERSION = 1.0;
				PRODUCT_BUNDLE_IDENTIFIER = anyong.iTunesApp;
				PRODUCT_NAME = "$(TARGET_NAME)";
				SWIFT_EMIT_LOC_STRINGS = YES;
				SWIFT_VERSION = 5.0;
				TARGETED_DEVICE_FAMILY = "1,2";
			};
			name = Debug;
		};
		ADBDCE9F2DD31EB900B1F73A /* Release */ = {
			isa = XCBuildConfiguration;
			buildSettings = {
				ASSETCATALOG_COMPILER_APPICON_NAME = AppIcon;
				ASSETCATALOG_COMPILER_GLOBAL_ACCENT_COLOR_NAME = AccentColor;
				CODE_SIGN_STYLE = Automatic;
				CURRENT_PROJECT_VERSION = 1;
				DEVELOPMENT_TEAM = 63K349422G;
				GENERATE_INFOPLIST_FILE = YES;
				INFOPLIST_FILE = iTunesApp/Info.plist;
				INFOPLIST_KEY_UIApplicationSupportsIndirectInputEvents = YES;
				INFOPLIST_KEY_UILaunchStoryboardName = LaunchScreen;
				INFOPLIST_KEY_UISupportedInterfaceOrientations_iPad = "UIInterfaceOrientationPortrait UIInterfaceOrientationPortraitUpsideDown UIInterfaceOrientationLandscapeLeft UIInterfaceOrientationLandscapeRight";
				INFOPLIST_KEY_UISupportedInterfaceOrientations_iPhone = "UIInterfaceOrientationPortrait UIInterfaceOrientationLandscapeLeft UIInterfaceOrientationLandscapeRight";
				IPHONEOS_DEPLOYMENT_TARGET = 16.6;
				LD_RUNPATH_SEARCH_PATHS = (
					"$(inherited)",
					"@executable_path/Frameworks",
				);
				MARKETING_VERSION = 1.0;
				PRODUCT_BUNDLE_IDENTIFIER = anyong.iTunesApp;
				PRODUCT_NAME = "$(TARGET_NAME)";
				SWIFT_EMIT_LOC_STRINGS = YES;
				SWIFT_VERSION = 5.0;
				TARGETED_DEVICE_FAMILY = "1,2";
			};
			name = Release;
		};
		ADBDCEA02DD31EB900B1F73A /* Debug */ = {
			isa = XCBuildConfiguration;
			buildSettings = {
				ALWAYS_SEARCH_USER_PATHS = NO;
				ASSETCATALOG_COMPILER_GENERATE_SWIFT_ASSET_SYMBOL_EXTENSIONS = YES;
				CLANG_ANALYZER_NONNULL = YES;
				CLANG_ANALYZER_NUMBER_OBJECT_CONVERSION = YES_AGGRESSIVE;
				CLANG_CXX_LANGUAGE_STANDARD = "gnu++20";
				CLANG_ENABLE_MODULES = YES;
				CLANG_ENABLE_OBJC_ARC = YES;
				CLANG_ENABLE_OBJC_WEAK = YES;
				CLANG_WARN_BLOCK_CAPTURE_AUTORELEASING = YES;
				CLANG_WARN_BOOL_CONVERSION = YES;
				CLANG_WARN_COMMA = YES;
				CLANG_WARN_CONSTANT_CONVERSION = YES;
				CLANG_WARN_DEPRECATED_OBJC_IMPLEMENTATIONS = YES;
				CLANG_WARN_DIRECT_OBJC_ISA_USAGE = YES_ERROR;
				CLANG_WARN_DOCUMENTATION_COMMENTS = YES;
				CLANG_WARN_EMPTY_BODY = YES;
				CLANG_WARN_ENUM_CONVERSION = YES;
				CLANG_WARN_INFINITE_RECURSION = YES;
				CLANG_WARN_INT_CONVERSION = YES;
				CLANG_WARN_NON_LITERAL_NULL_CONVERSION = YES;
				CLANG_WARN_OBJC_IMPLICIT_RETAIN_SELF = YES;
				CLANG_WARN_OBJC_LITERAL_CONVERSION = YES;
				CLANG_WARN_OBJC_ROOT_CLASS = YES_ERROR;
				CLANG_WARN_QUOTED_INCLUDE_IN_FRAMEWORK_HEADER = YES;
				CLANG_WARN_RANGE_LOOP_ANALYSIS = YES;
				CLANG_WARN_STRICT_PROTOTYPES = YES;
				CLANG_WARN_SUSPICIOUS_MOVE = YES;
				CLANG_WARN_UNGUARDED_AVAILABILITY = YES_AGGRESSIVE;
				CLANG_WARN_UNREACHABLE_CODE = YES;
				CLANG_WARN__DUPLICATE_METHOD_MATCH = YES;
				COPY_PHASE_STRIP = NO;
				DEBUG_INFORMATION_FORMAT = dwarf;
				ENABLE_STRICT_OBJC_MSGSEND = YES;
				ENABLE_TESTABILITY = YES;
				ENABLE_USER_SCRIPT_SANDBOXING = YES;
				GCC_C_LANGUAGE_STANDARD = gnu17;
				GCC_DYNAMIC_NO_PIC = NO;
				GCC_NO_COMMON_BLOCKS = YES;
				GCC_OPTIMIZATION_LEVEL = 0;
				GCC_PREPROCESSOR_DEFINITIONS = (
					"DEBUG=1",
					"$(inherited)",
				);
				GCC_WARN_64_TO_32_BIT_CONVERSION = YES;
				GCC_WARN_ABOUT_RETURN_TYPE = YES_ERROR;
				GCC_WARN_UNDECLARED_SELECTOR = YES;
				GCC_WARN_UNINITIALIZED_AUTOS = YES_AGGRESSIVE;
				GCC_WARN_UNUSED_FUNCTION = YES;
				GCC_WARN_UNUSED_VARIABLE = YES;
				IPHONEOS_DEPLOYMENT_TARGET = 18.0;
				LOCALIZATION_PREFERS_STRING_CATALOGS = YES;
				MTL_ENABLE_DEBUG_INFO = INCLUDE_SOURCE;
				MTL_FAST_MATH = YES;
				ONLY_ACTIVE_ARCH = YES;
				SDKROOT = iphoneos;
				SWIFT_ACTIVE_COMPILATION_CONDITIONS = "DEBUG $(inherited)";
				SWIFT_OPTIMIZATION_LEVEL = "-Onone";
			};
			name = Debug;
		};
		ADBDCEA12DD31EB900B1F73A /* Release */ = {
			isa = XCBuildConfiguration;
			buildSettings = {
				ALWAYS_SEARCH_USER_PATHS = NO;
				ASSETCATALOG_COMPILER_GENERATE_SWIFT_ASSET_SYMBOL_EXTENSIONS = YES;
				CLANG_ANALYZER_NONNULL = YES;
				CLANG_ANALYZER_NUMBER_OBJECT_CONVERSION = YES_AGGRESSIVE;
				CLANG_CXX_LANGUAGE_STANDARD = "gnu++20";
				CLANG_ENABLE_MODULES = YES;
				CLANG_ENABLE_OBJC_ARC = YES;
				CLANG_ENABLE_OBJC_WEAK = YES;
				CLANG_WARN_BLOCK_CAPTURE_AUTORELEASING = YES;
				CLANG_WARN_BOOL_CONVERSION = YES;
				CLANG_WARN_COMMA = YES;
				CLANG_WARN_CONSTANT_CONVERSION = YES;
				CLANG_WARN_DEPRECATED_OBJC_IMPLEMENTATIONS = YES;
				CLANG_WARN_DIRECT_OBJC_ISA_USAGE = YES_ERROR;
				CLANG_WARN_DOCUMENTATION_COMMENTS = YES;
				CLANG_WARN_EMPTY_BODY = YES;
				CLANG_WARN_ENUM_CONVERSION = YES;
				CLANG_WARN_INFINITE_RECURSION = YES;
				CLANG_WARN_INT_CONVERSION = YES;
				CLANG_WARN_NON_LITERAL_NULL_CONVERSION = YES;
				CLANG_WARN_OBJC_IMPLICIT_RETAIN_SELF = YES;
				CLANG_WARN_OBJC_LITERAL_CONVERSION = YES;
				CLANG_WARN_OBJC_ROOT_CLASS = YES_ERROR;
				CLANG_WARN_QUOTED_INCLUDE_IN_FRAMEWORK_HEADER = YES;
				CLANG_WARN_RANGE_LOOP_ANALYSIS = YES;
				CLANG_WARN_STRICT_PROTOTYPES = YES;
				CLANG_WARN_SUSPICIOUS_MOVE = YES;
				CLANG_WARN_UNGUARDED_AVAILABILITY = YES_AGGRESSIVE;
				CLANG_WARN_UNREACHABLE_CODE = YES;
				CLANG_WARN__DUPLICATE_METHOD_MATCH = YES;
				COPY_PHASE_STRIP = NO;
				DEBUG_INFORMATION_FORMAT = "dwarf-with-dsym";
				ENABLE_NS_ASSERTIONS = NO;
				ENABLE_STRICT_OBJC_MSGSEND = YES;
				ENABLE_USER_SCRIPT_SANDBOXING = YES;
				GCC_C_LANGUAGE_STANDARD = gnu17;
				GCC_NO_COMMON_BLOCKS = YES;
				GCC_WARN_64_TO_32_BIT_CONVERSION = YES;
				GCC_WARN_ABOUT_RETURN_TYPE = YES_ERROR;
				GCC_WARN_UNDECLARED_SELECTOR = YES;
				GCC_WARN_UNINITIALIZED_AUTOS = YES_AGGRESSIVE;
				GCC_WARN_UNUSED_FUNCTION = YES;
				GCC_WARN_UNUSED_VARIABLE = YES;
				IPHONEOS_DEPLOYMENT_TARGET = 18.0;
				LOCALIZATION_PREFERS_STRING_CATALOGS = YES;
				MTL_ENABLE_DEBUG_INFO = NO;
				MTL_FAST_MATH = YES;
				SDKROOT = iphoneos;
				SWIFT_COMPILATION_MODE = wholemodule;
				VALIDATE_PRODUCT = YES;
			};
			name = Release;
		};
/* End XCBuildConfiguration section */

/* Begin XCConfigurationList section */
		ADBDCE852DD31EB800B1F73A /* Build configuration list for PBXProject "iTunesApp" */ = {
			isa = XCConfigurationList;
			buildConfigurations = (
				ADBDCEA02DD31EB900B1F73A /* Debug */,
				ADBDCEA12DD31EB900B1F73A /* Release */,
			);
			defaultConfigurationIsVisible = 0;
			defaultConfigurationName = Release;
		};
		ADBDCE9D2DD31EB900B1F73A /* Build configuration list for PBXNativeTarget "iTunesApp" */ = {
			isa = XCConfigurationList;
			buildConfigurations = (
				ADBDCE9E2DD31EB900B1F73A /* Debug */,
				ADBDCE9F2DD31EB900B1F73A /* Release */,
			);
			defaultConfigurationIsVisible = 0;
			defaultConfigurationName = Release;
		};
/* End XCConfigurationList section */

/* Begin XCRemoteSwiftPackageReference section */
		ADBDCEA22DD3212B00B1F73A /* XCRemoteSwiftPackageReference "Then" */ = {
			isa = XCRemoteSwiftPackageReference;
			repositoryURL = "https://github.com/devxoul/Then";
			requirement = {
				kind = upToNextMajorVersion;
				minimumVersion = 3.0.0;
			};
		};
		ADBDCEA52DD3213600B1F73A /* XCRemoteSwiftPackageReference "SnapKit" */ = {
			isa = XCRemoteSwiftPackageReference;
			repositoryURL = "https://github.com/SnapKit/SnapKit.git";
			requirement = {
				kind = upToNextMajorVersion;
				minimumVersion = 5.7.1;
			};
		};
		ADBDCEA82DD3215D00B1F73A /* XCRemoteSwiftPackageReference "Moya" */ = {
			isa = XCRemoteSwiftPackageReference;
			repositoryURL = "https://github.com/Moya/Moya.git";
			requirement = {
				kind = upToNextMajorVersion;
				minimumVersion = 15.0.3;
			};
		};
		ADBDCEAB2DD321EC00B1F73A /* XCRemoteSwiftPackageReference "RxSwift" */ = {
			isa = XCRemoteSwiftPackageReference;
			repositoryURL = "https://github.com/ReactiveX/RxSwift.git";
			requirement = {
				kind = upToNextMajorVersion;
				minimumVersion = 6.9.0;
			};
		};
/* End XCRemoteSwiftPackageReference section */

/* Begin XCSwiftPackageProductDependency section */
		ADBDCEA32DD3212B00B1F73A /* Then */ = {
			isa = XCSwiftPackageProductDependency;
			package = ADBDCEA22DD3212B00B1F73A /* XCRemoteSwiftPackageReference "Then" */;
			productName = Then;
		};
		ADBDCEA62DD3213600B1F73A /* SnapKit */ = {
			isa = XCSwiftPackageProductDependency;
			package = ADBDCEA52DD3213600B1F73A /* XCRemoteSwiftPackageReference "SnapKit" */;
			productName = SnapKit;
		};
		ADBDCEA92DD3215D00B1F73A /* Moya */ = {
			isa = XCSwiftPackageProductDependency;
			package = ADBDCEA82DD3215D00B1F73A /* XCRemoteSwiftPackageReference "Moya" */;
			productName = Moya;
		};
		ADBDCEAC2DD321EC00B1F73A /* RxBlocking */ = {
			isa = XCSwiftPackageProductDependency;
			package = ADBDCEAB2DD321EC00B1F73A /* XCRemoteSwiftPackageReference "RxSwift" */;
			productName = RxBlocking;
		};
		ADBDCEAE2DD321EC00B1F73A /* RxBlocking-Dynamic */ = {
			isa = XCSwiftPackageProductDependency;
			package = ADBDCEAB2DD321EC00B1F73A /* XCRemoteSwiftPackageReference "RxSwift" */;
			productName = "RxBlocking-Dynamic";
		};
		ADBDCEB02DD321EC00B1F73A /* RxCocoa */ = {
			isa = XCSwiftPackageProductDependency;
			package = ADBDCEAB2DD321EC00B1F73A /* XCRemoteSwiftPackageReference "RxSwift" */;
			productName = RxCocoa;
		};
		ADBDCEB22DD321EC00B1F73A /* RxCocoa-Dynamic */ = {
			isa = XCSwiftPackageProductDependency;
			package = ADBDCEAB2DD321EC00B1F73A /* XCRemoteSwiftPackageReference "RxSwift" */;
			productName = "RxCocoa-Dynamic";
		};
		ADBDCEB42DD321EC00B1F73A /* RxRelay */ = {
			isa = XCSwiftPackageProductDependency;
			package = ADBDCEAB2DD321EC00B1F73A /* XCRemoteSwiftPackageReference "RxSwift" */;
			productName = RxRelay;
		};
/* End XCSwiftPackageProductDependency section */
	};
	rootObject = ADBDCE822DD31EB800B1F73A /* Project object */;
}
